
Microsoft Visual Studio Solution File, Format Version 12.00
# Visual Studio Version 16
VisualStudioVersion = 16.0.30907.101
MinimumVisualStudioVersion = 10.0.40219.1
Project("{FAE04EC0-301F-11D3-BF4B-00C04F79EFBC}") = "StoryWriter", "StoryWriter\StoryWriter.csproj", "{9D2CAE34-0AF1-4D58-AE86-33CFD346018F}"
EndProject
Global
	GlobalSection(SolutionConfigurationPlatforms) = preSolution
		Debug|Any CPU = Debug|Any CPU
		Release|Any CPU = Release|Any CPU
	EndGlobalSection
	GlobalSection(ProjectConfigurationPlatforms) = postSolution
		{9D2CAE34-0AF1-4D58-AE86-33CFD346018F}.Debug|Any CPU.ActiveCfg = Debug|Any CPU
		{9D2CAE34-0AF1-4D58-AE86-33CFD346018F}.Debug|Any CPU.Build.0 = Debug|Any CPU
		{9D2CAE34-0AF1-4D58-AE86-33CFD346018F}.Release|Any CPU.ActiveCfg = Release|Any CPU
		{9D2CAE34-0AF1-4D58-AE86-33CFD346018F}.Release|Any CPU.Build.0 = Release|Any CPU
	EndGlobalSection
	GlobalSection(SolutionProperties) = preSolution
		HideSolutionNode = FALSE
	EndGlobalSection
	GlobalSection(ExtensibilityGlobals) = postSolution
		SolutionGuid = {9244F5CF-C813-47A7-86CF-86DDAB4A3F43}
	EndGlobalSection
EndGlobal
